
Microsoft Visual Studio Solution File, Format Version 12.00
# Visual Studio Version 16
VisualStudioVersion = 16.0.31105.61
MinimumVisualStudioVersion = 10.0.40219.1
Project("{FAE04EC0-301F-11D3-BF4B-00C04F79EFBC}") = "Logica", "Logica\Logica.csproj", "{1098A186-042B-4821-931A-B84ECE329B3C}"
EndProject
Project("{FAE04EC0-301F-11D3-BF4B-00C04F79EFBC}") = "ConsoleApp", "ConsoleApp\ConsoleApp.csproj", "{8B65945D-C4F7-4B3E-9DB1-B21ED5F511C9}"
EndProject
Global
	GlobalSection(SolutionConfigurationPlatforms) = preSolution
		Debug|Any CPU = Debug|Any CPU
		Release|Any CPU = Release|Any CPU
	EndGlobalSection
	GlobalSection(ProjectConfigurationPlatforms) = postSolution
		{1098A186-042B-4821-931A-B84ECE329B3C}.Debug|Any CPU.ActiveCfg = Debug|Any CPU
		{1098A186-042B-4821-931A-B84ECE329B3C}.Debug|Any CPU.Build.0 = Debug|Any CPU
		{1098A186-042B-4821-931A-B84ECE329B3C}.Release|Any CPU.ActiveCfg = Release|Any CPU
		{1098A186-042B-4821-931A-B84ECE329B3C}.Release|Any CPU.Build.0 = Release|Any CPU
		{8B65945D-C4F7-4B3E-9DB1-B21ED5F511C9}.Debug|Any CPU.ActiveCfg = Debug|Any CPU
		{8B65945D-C4F7-4B3E-9DB1-B21ED5F511C9}.Debug|Any CPU.Build.0 = Debug|Any CPU
		{8B65945D-C4F7-4B3E-9DB1-B21ED5F511C9}.Release|Any CPU.ActiveCfg = Release|Any CPU
		{8B65945D-C4F7-4B3E-9DB1-B21ED5F511C9}.Release|Any CPU.Build.0 = Release|Any CPU
	EndGlobalSection
	GlobalSection(SolutionProperties) = preSolution
		HideSolutionNode = FALSE
	EndGlobalSection
	GlobalSection(ExtensibilityGlobals) = postSolution
		SolutionGuid = {B28C1652-D49E-4177-9206-A8265B36167E}
	EndGlobalSection
EndGlobal
