
Microsoft Visual Studio Solution File, Format Version 12.00
# Visual Studio Version 16
VisualStudioVersion = 16.0.31105.61
MinimumVisualStudioVersion = 10.0.40219.1
Project("{FAE04EC0-301F-11D3-BF4B-00C04F79EFBC}") = "ConsoleEjercicio2", "ConsoleEjercicio2\ConsoleEjercicio2.csproj", "{2475B59A-4F71-48BA-B004-BE5BAD9DE9B3}"
EndProject
Global
	GlobalSection(SolutionConfigurationPlatforms) = preSolution
		Debug|Any CPU = Debug|Any CPU
		Release|Any CPU = Release|Any CPU
	EndGlobalSection
	GlobalSection(ProjectConfigurationPlatforms) = postSolution
		{2475B59A-4F71-48BA-B004-BE5BAD9DE9B3}.Debug|Any CPU.ActiveCfg = Debug|Any CPU
		{2475B59A-4F71-48BA-B004-BE5BAD9DE9B3}.Debug|Any CPU.Build.0 = Debug|Any CPU
		{2475B59A-4F71-48BA-B004-BE5BAD9DE9B3}.Release|Any CPU.ActiveCfg = Release|Any CPU
		{2475B59A-4F71-48BA-B004-BE5BAD9DE9B3}.Release|Any CPU.Build.0 = Release|Any CPU
	EndGlobalSection
	GlobalSection(SolutionProperties) = preSolution
		HideSolutionNode = FALSE
	EndGlobalSection
	GlobalSection(ExtensibilityGlobals) = postSolution
		SolutionGuid = {2C1E936D-2EEB-4A42-B03E-2A172D95C245}
	EndGlobalSection
EndGlobal
