
Microsoft Visual Studio Solution File, Format Version 12.00
# Visual Studio Version 16
VisualStudioVersion = 16.0.31105.61
MinimumVisualStudioVersion = 10.0.40219.1
Project("{FAE04EC0-301F-11D3-BF4B-00C04F79EFBC}") = "WinFormsApp", "WinFormsApp\WinFormsApp.csproj", "{03D11979-D09F-44DA-A3DD-79F25EC00A6F}"
EndProject
Global
	GlobalSection(SolutionConfigurationPlatforms) = preSolution
		Debug|Any CPU = Debug|Any CPU
		Release|Any CPU = Release|Any CPU
	EndGlobalSection
	GlobalSection(ProjectConfigurationPlatforms) = postSolution
		{03D11979-D09F-44DA-A3DD-79F25EC00A6F}.Debug|Any CPU.ActiveCfg = Debug|Any CPU
		{03D11979-D09F-44DA-A3DD-79F25EC00A6F}.Debug|Any CPU.Build.0 = Debug|Any CPU
		{03D11979-D09F-44DA-A3DD-79F25EC00A6F}.Release|Any CPU.ActiveCfg = Release|Any CPU
		{03D11979-D09F-44DA-A3DD-79F25EC00A6F}.Release|Any CPU.Build.0 = Release|Any CPU
	EndGlobalSection
	GlobalSection(SolutionProperties) = preSolution
		HideSolutionNode = FALSE
	EndGlobalSection
	GlobalSection(ExtensibilityGlobals) = postSolution
		SolutionGuid = {2C9A0DAE-7FA8-4E52-96EA-F5847AEEB7D2}
	EndGlobalSection
EndGlobal
